
Microsoft Visual Studio Solution File, Format Version 12.00
# Visual Studio Version 17
VisualStudioVersion = 17.6.33712.159
MinimumVisualStudioVersion = 10.0.40219.1
Project("{9A19103F-16F7-4668-BE54-9A1E7A4F7556}") = "PracticePanther", "PracticePanther\PracticePanther.csproj", "{EBECE846-8BCE-4916-9ACE-2BD392535DFD}"
EndProject
Project("{FAE04EC0-301F-11D3-BF4B-00C04F79EFBC}") = "Panther.Library", "Panther.Library\Panther.Library.csproj", "{5C8EABB8-97D2-4B4B-AF11-5D966E4CB55B}"
EndProject
Global
	GlobalSection(SolutionConfigurationPlatforms) = preSolution
		Debug|Any CPU = Debug|Any CPU
		Release|Any CPU = Release|Any CPU
	EndGlobalSection
	GlobalSection(ProjectConfigurationPlatforms) = postSolution
		{EBECE846-8BCE-4916-9ACE-2BD392535DFD}.Debug|Any CPU.ActiveCfg = Debug|Any CPU
		{EBECE846-8BCE-4916-9ACE-2BD392535DFD}.Debug|Any CPU.Build.0 = Debug|Any CPU
		{EBECE846-8BCE-4916-9ACE-2BD392535DFD}.Release|Any CPU.ActiveCfg = Release|Any CPU
		{EBECE846-8BCE-4916-9ACE-2BD392535DFD}.Release|Any CPU.Build.0 = Release|Any CPU
		{5C8EABB8-97D2-4B4B-AF11-5D966E4CB55B}.Debug|Any CPU.ActiveCfg = Debug|Any CPU
		{5C8EABB8-97D2-4B4B-AF11-5D966E4CB55B}.Debug|Any CPU.Build.0 = Debug|Any CPU
		{5C8EABB8-97D2-4B4B-AF11-5D966E4CB55B}.Release|Any CPU.ActiveCfg = Release|Any CPU
		{5C8EABB8-97D2-4B4B-AF11-5D966E4CB55B}.Release|Any CPU.Build.0 = Release|Any CPU
	EndGlobalSection
	GlobalSection(SolutionProperties) = preSolution
		HideSolutionNode = FALSE
	EndGlobalSection
	GlobalSection(ExtensibilityGlobals) = postSolution
		SolutionGuid = {4E27F6F0-5976-4F7D-B09C-A70DCEE7709A}
	EndGlobalSection
EndGlobal
