
Microsoft Visual Studio Solution File, Format Version 12.00
# Visual Studio Version 17
VisualStudioVersion = 17.6.33829.357
MinimumVisualStudioVersion = 10.0.40219.1
Project("{FAE04EC0-301F-11D3-BF4B-00C04F79EFBC}") = "PracticePanther.API", "PracticePanther.API\PracticePanther.API.csproj", "{F7FB4CEF-BB4A-40F4-915B-562816205297}"
EndProject
Global
	GlobalSection(SolutionConfigurationPlatforms) = preSolution
		Debug|Any CPU = Debug|Any CPU
		Release|Any CPU = Release|Any CPU
	EndGlobalSection
	GlobalSection(ProjectConfigurationPlatforms) = postSolution
		{F7FB4CEF-BB4A-40F4-915B-562816205297}.Debug|Any CPU.ActiveCfg = Debug|Any CPU
		{F7FB4CEF-BB4A-40F4-915B-562816205297}.Debug|Any CPU.Build.0 = Debug|Any CPU
		{F7FB4CEF-BB4A-40F4-915B-562816205297}.Release|Any CPU.ActiveCfg = Release|Any CPU
		{F7FB4CEF-BB4A-40F4-915B-562816205297}.Release|Any CPU.Build.0 = Release|Any CPU
	EndGlobalSection
	GlobalSection(SolutionProperties) = preSolution
		HideSolutionNode = FALSE
	EndGlobalSection
	GlobalSection(ExtensibilityGlobals) = postSolution
		SolutionGuid = {D035FADF-FAD7-4447-8CB3-EA776D161450}
	EndGlobalSection
EndGlobal
